
Microsoft Visual Studio Solution File, Format Version 11.00
# Visual Studio 2010
Project("{8BC9CEB8-8B4A-11D0-8D11-00A0C91BC942}") = "tibasic", "tibasic.vcxproj", "{35C574E6-944C-43F6-894F-81D32382EEAA}"
EndProject
Global
	GlobalSection(SolutionConfigurationPlatforms) = preSolution
		Debug|Win32 = Debug|Win32
		Release|Win32 = Release|Win32
	EndGlobalSection
	GlobalSection(ProjectConfigurationPlatforms) = postSolution
		{35C574E6-944C-43F6-894F-81D32382EEAA}.Debug|Win32.ActiveCfg = Debug|Win32
		{35C574E6-944C-43F6-894F-81D32382EEAA}.Debug|Win32.Build.0 = Debug|Win32
		{35C574E6-944C-43F6-894F-81D32382EEAA}.Release|Win32.ActiveCfg = Release|Win32
		{35C574E6-944C-43F6-894F-81D32382EEAA}.Release|Win32.Build.0 = Release|Win32
	EndGlobalSection
	GlobalSection(SolutionProperties) = preSolution
		HideSolutionNode = FALSE
	EndGlobalSection
EndGlobal
